// !$*UTF8*$!
{
	archiveVersion = 1;
	classes = {
	};
	objectVersion = 56;
	objects = {

/* Begin PBXBuildFile section */
		FC3331CC2A0BA5BA00186B41 /* Alamofire in Frameworks */ = {isa = PBXBuildFile; productRef = FC3331CB2A0BA5BA00186B41 /* Alamofire */; };
		FC3331D02A0BA5EA00186B41 /* NetworkService.swift in Sources */ = {isa = PBXBuildFile; fileRef = FC3331CF2A0BA5EA00186B41 /* NetworkService.swift */; };
		FC3331D22A0BA5F700186B41 /* EndPoint.swift in Sources */ = {isa = PBXBuildFile; fileRef = FC3331D12A0BA5F700186B41 /* EndPoint.swift */; };
		FC3331D52A0BA64C00186B41 /* String+Extensions.swift in Sources */ = {isa = PBXBuildFile; fileRef = FC3331D42A0BA64C00186B41 /* String+Extensions.swift */; };
		FC3331D72A0BA6C000186B41 /* Int+Extensions.swift in Sources */ = {isa = PBXBuildFile; fileRef = FC3331D62A0BA6C000186B41 /* Int+Extensions.swift */; };
		FC3331D92A0BA71700186B41 /* MoviesViewModel.swift in Sources */ = {isa = PBXBuildFile; fileRef = FC3331D82A0BA71700186B41 /* MoviesViewModel.swift */; };
		FC3331DB2A0BA77800186B41 /* Movies.swift in Sources */ = {isa = PBXBuildFile; fileRef = FC3331DA2A0BA77800186B41 /* Movies.swift */; };
		FC3331DD2A0BAD0000186B41 /* Double+Extensions.swift in Sources */ = {isa = PBXBuildFile; fileRef = FC3331DC2A0BAD0000186B41 /* Double+Extensions.swift */; };
		FC3331DF2A0BAD3100186B41 /* Date+Extensions.swift in Sources */ = {isa = PBXBuildFile; fileRef = FC3331DE2A0BAD3100186B41 /* Date+Extensions.swift */; };
		FC3331E12A0BB5A100186B41 /* MovieCell.swift in Sources */ = {isa = PBXBuildFile; fileRef = FC3331E02A0BB5A100186B41 /* MovieCell.swift */; };
		FC3331E32A0BBE6B00186B41 /* ImageLoader.swift in Sources */ = {isa = PBXBuildFile; fileRef = FC3331E22A0BBE6B00186B41 /* ImageLoader.swift */; };
		FC3331E52A0BBEA100186B41 /* PosterImageView.swift in Sources */ = {isa = PBXBuildFile; fileRef = FC3331E42A0BBEA100186B41 /* PosterImageView.swift */; };
		FC3331E72A0BD37200186B41 /* Genres.swift in Sources */ = {isa = PBXBuildFile; fileRef = FC3331E62A0BD37200186B41 /* Genres.swift */; };
		FC6CB1F02A0BA2FB00135972 /* Movies_SwiftUI_Combine_MVVMApp.swift in Sources */ = {isa = PBXBuildFile; fileRef = FC6CB1EF2A0BA2FB00135972 /* Movies_SwiftUI_Combine_MVVMApp.swift */; };
		FC6CB1F22A0BA2FB00135972 /* ContentView.swift in Sources */ = {isa = PBXBuildFile; fileRef = FC6CB1F12A0BA2FB00135972 /* ContentView.swift */; };
		FC6CB1F42A0BA2FD00135972 /* Assets.xcassets in Resources */ = {isa = PBXBuildFile; fileRef = FC6CB1F32A0BA2FD00135972 /* Assets.xcassets */; };
		FC6CB1F72A0BA2FD00135972 /* Preview Assets.xcassets in Resources */ = {isa = PBXBuildFile; fileRef = FC6CB1F62A0BA2FD00135972 /* Preview Assets.xcassets */; };
/* End PBXBuildFile section */

/* Begin PBXFileReference section */
		FC3331CF2A0BA5EA00186B41 /* NetworkService.swift */ = {isa = PBXFileReference; lastKnownFileType = sourcecode.swift; path = NetworkService.swift; sourceTree = "<group>"; };
		FC3331D12A0BA5F700186B41 /* EndPoint.swift */ = {isa = PBXFileReference; lastKnownFileType = sourcecode.swift; path = EndPoint.swift; sourceTree = "<group>"; };
		FC3331D42A0BA64C00186B41 /* String+Extensions.swift */ = {isa = PBXFileReference; lastKnownFileType = sourcecode.swift; path = "String+Extensions.swift"; sourceTree = "<group>"; };
		FC3331D62A0BA6C000186B41 /* Int+Extensions.swift */ = {isa = PBXFileReference; lastKnownFileType = sourcecode.swift; path = "Int+Extensions.swift"; sourceTree = "<group>"; };
		FC3331D82A0BA71700186B41 /* MoviesViewModel.swift */ = {isa = PBXFileReference; lastKnownFileType = sourcecode.swift; path = MoviesViewModel.swift; sourceTree = "<group>"; };
		FC3331DA2A0BA77800186B41 /* Movies.swift */ = {isa = PBXFileReference; lastKnownFileType = sourcecode.swift; path = Movies.swift; sourceTree = "<group>"; };
		FC3331DC2A0BAD0000186B41 /* Double+Extensions.swift */ = {isa = PBXFileReference; lastKnownFileType = sourcecode.swift; path = "Double+Extensions.swift"; sourceTree = "<group>"; };
		FC3331DE2A0BAD3100186B41 /* Date+Extensions.swift */ = {isa = PBXFileReference; lastKnownFileType = sourcecode.swift; path = "Date+Extensions.swift"; sourceTree = "<group>"; };
		FC3331E02A0BB5A100186B41 /* MovieCell.swift */ = {isa = PBXFileReference; lastKnownFileType = sourcecode.swift; path = MovieCell.swift; sourceTree = "<group>"; };
		FC3331E22A0BBE6B00186B41 /* ImageLoader.swift */ = {isa = PBXFileReference; lastKnownFileType = sourcecode.swift; path = ImageLoader.swift; sourceTree = "<group>"; };
		FC3331E42A0BBEA100186B41 /* PosterImageView.swift */ = {isa = PBXFileReference; lastKnownFileType = sourcecode.swift; path = PosterImageView.swift; sourceTree = "<group>"; };
		FC3331E62A0BD37200186B41 /* Genres.swift */ = {isa = PBXFileReference; lastKnownFileType = sourcecode.swift; path = Genres.swift; sourceTree = "<group>"; };
		FC6CB1EC2A0BA2FB00135972 /* Movies_SwiftUI_Combine_MVVM.app */ = {isa = PBXFileReference; explicitFileType = wrapper.application; includeInIndex = 0; path = Movies_SwiftUI_Combine_MVVM.app; sourceTree = BUILT_PRODUCTS_DIR; };
		FC6CB1EF2A0BA2FB00135972 /* Movies_SwiftUI_Combine_MVVMApp.swift */ = {isa = PBXFileReference; lastKnownFileType = sourcecode.swift; path = Movies_SwiftUI_Combine_MVVMApp.swift; sourceTree = "<group>"; };
		FC6CB1F12A0BA2FB00135972 /* ContentView.swift */ = {isa = PBXFileReference; lastKnownFileType = sourcecode.swift; path = ContentView.swift; sourceTree = "<group>"; };
		FC6CB1F32A0BA2FD00135972 /* Assets.xcassets */ = {isa = PBXFileReference; lastKnownFileType = folder.assetcatalog; path = Assets.xcassets; sourceTree = "<group>"; };
		FC6CB1F62A0BA2FD00135972 /* Preview Assets.xcassets */ = {isa = PBXFileReference; lastKnownFileType = folder.assetcatalog; path = "Preview Assets.xcassets"; sourceTree = "<group>"; };
/* End PBXFileReference section */

/* Begin PBXFrameworksBuildPhase section */
		FC6CB1E92A0BA2FB00135972 /* Frameworks */ = {
			isa = PBXFrameworksBuildPhase;
			buildActionMask = 2147483647;
			files = (
				FC3331CC2A0BA5BA00186B41 /* Alamofire in Frameworks */,
			);
			runOnlyForDeploymentPostprocessing = 0;
		};
/* End PBXFrameworksBuildPhase section */

/* Begin PBXGroup section */
		FC3331C72A0BA49B00186B41 /* View */ = {
			isa = PBXGroup;
			children = (
				FC6CB1F12A0BA2FB00135972 /* ContentView.swift */,
				FC3331E02A0BB5A100186B41 /* MovieCell.swift */,
				FC3331E42A0BBEA100186B41 /* PosterImageView.swift */,
			);
			path = View;
			sourceTree = "<group>";
		};
		FC3331C82A0BA4A800186B41 /* Model */ = {
			isa = PBXGroup;
			children = (
				FC3331DA2A0BA77800186B41 /* Movies.swift */,
				FC3331E62A0BD37200186B41 /* Genres.swift */,
			);
			path = Model;
			sourceTree = "<group>";
		};
		FC3331C92A0BA4AE00186B41 /* ViewModel */ = {
			isa = PBXGroup;
			children = (
				FC3331D82A0BA71700186B41 /* MoviesViewModel.swift */,
			);
			path = ViewModel;
			sourceTree = "<group>";
		};
		FC3331CD2A0BA5CF00186B41 /* Services */ = {
			isa = PBXGroup;
			children = (
				FC3331CE2A0BA5D700186B41 /* Network */,
				FC3331E22A0BBE6B00186B41 /* ImageLoader.swift */,
			);
			path = Services;
			sourceTree = "<group>";
		};
		FC3331CE2A0BA5D700186B41 /* Network */ = {
			isa = PBXGroup;
			children = (
				FC3331CF2A0BA5EA00186B41 /* NetworkService.swift */,
				FC3331D12A0BA5F700186B41 /* EndPoint.swift */,
			);
			path = Network;
			sourceTree = "<group>";
		};
		FC3331D32A0BA63A00186B41 /* Extensions */ = {
			isa = PBXGroup;
			children = (
				FC3331D42A0BA64C00186B41 /* String+Extensions.swift */,
				FC3331D62A0BA6C000186B41 /* Int+Extensions.swift */,
				FC3331DC2A0BAD0000186B41 /* Double+Extensions.swift */,
				FC3331DE2A0BAD3100186B41 /* Date+Extensions.swift */,
			);
			path = Extensions;
			sourceTree = "<group>";
		};
		FC6CB1E32A0BA2FB00135972 = {
			isa = PBXGroup;
			children = (
				FC6CB1EE2A0BA2FB00135972 /* Movies_SwiftUI_Combine_MVVM */,
				FC6CB1ED2A0BA2FB00135972 /* Products */,
			);
			sourceTree = "<group>";
		};
		FC6CB1ED2A0BA2FB00135972 /* Products */ = {
			isa = PBXGroup;
			children = (
				FC6CB1EC2A0BA2FB00135972 /* Movies_SwiftUI_Combine_MVVM.app */,
			);
			name = Products;
			sourceTree = "<group>";
		};
		FC6CB1EE2A0BA2FB00135972 /* Movies_SwiftUI_Combine_MVVM */ = {
			isa = PBXGroup;
			children = (
				FC3331D32A0BA63A00186B41 /* Extensions */,
				FC3331CD2A0BA5CF00186B41 /* Services */,
				FC6CB1F52A0BA2FD00135972 /* Preview Content */,
				FC6CB2002A0BA41900135972 /* Sources */,
				FC6CB1FF2A0BA40600135972 /* App */,
				FC6CB1FD2A0BA3E700135972 /* Modules */,
			);
			path = Movies_SwiftUI_Combine_MVVM;
			sourceTree = "<group>";
		};
		FC6CB1F52A0BA2FD00135972 /* Preview Content */ = {
			isa = PBXGroup;
			children = (
				FC6CB1F62A0BA2FD00135972 /* Preview Assets.xcassets */,
			);
			path = "Preview Content";
			sourceTree = "<group>";
		};
		FC6CB1FD2A0BA3E700135972 /* Modules */ = {
			isa = PBXGroup;
			children = (
				FC6CB1FE2A0BA3EE00135972 /* List */,
			);
			path = Modules;
			sourceTree = "<group>";
		};
		FC6CB1FE2A0BA3EE00135972 /* List */ = {
			isa = PBXGroup;
			children = (
				FC3331C92A0BA4AE00186B41 /* ViewModel */,
				FC3331C82A0BA4A800186B41 /* Model */,
				FC3331C72A0BA49B00186B41 /* View */,
			);
			path = List;
			sourceTree = "<group>";
		};
		FC6CB1FF2A0BA40600135972 /* App */ = {
			isa = PBXGroup;
			children = (
				FC6CB1EF2A0BA2FB00135972 /* Movies_SwiftUI_Combine_MVVMApp.swift */,
			);
			path = App;
			sourceTree = "<group>";
		};
		FC6CB2002A0BA41900135972 /* Sources */ = {
			isa = PBXGroup;
			children = (
				FC6CB1F32A0BA2FD00135972 /* Assets.xcassets */,
			);
			path = Sources;
			sourceTree = "<group>";
		};
/* End PBXGroup section */

/* Begin PBXNativeTarget section */
		FC6CB1EB2A0BA2FB00135972 /* Movies_SwiftUI_Combine_MVVM */ = {
			isa = PBXNativeTarget;
			buildConfigurationList = FC6CB1FA2A0BA2FD00135972 /* Build configuration list for PBXNativeTarget "Movies_SwiftUI_Combine_MVVM" */;
			buildPhases = (
				FC6CB1E82A0BA2FB00135972 /* Sources */,
				FC6CB1E92A0BA2FB00135972 /* Frameworks */,
				FC6CB1EA2A0BA2FB00135972 /* Resources */,
			);
			buildRules = (
			);
			dependencies = (
			);
			name = Movies_SwiftUI_Combine_MVVM;
			packageProductDependencies = (
				FC3331CB2A0BA5BA00186B41 /* Alamofire */,
			);
			productName = Movies_SwiftUI_Combine_MVVM;
			productReference = FC6CB1EC2A0BA2FB00135972 /* Movies_SwiftUI_Combine_MVVM.app */;
			productType = "com.apple.product-type.application";
		};
/* End PBXNativeTarget section */

/* Begin PBXProject section */
		FC6CB1E42A0BA2FB00135972 /* Project object */ = {
			isa = PBXProject;
			attributes = {
				BuildIndependentTargetsInParallel = 1;
				LastSwiftUpdateCheck = 1420;
				LastUpgradeCheck = 1420;
				TargetAttributes = {
					FC6CB1EB2A0BA2FB00135972 = {
						CreatedOnToolsVersion = 14.2;
					};
				};
			};
			buildConfigurationList = FC6CB1E72A0BA2FB00135972 /* Build configuration list for PBXProject "Movies_SwiftUI_Combine_MVVM" */;
			compatibilityVersion = "Xcode 14.0";
			developmentRegion = en;
			hasScannedForEncodings = 0;
			knownRegions = (
				en,
				Base,
			);
			mainGroup = FC6CB1E32A0BA2FB00135972;
			packageReferences = (
				FC3331CA2A0BA5BA00186B41 /* XCRemoteSwiftPackageReference "Alamofire" */,
			);
			productRefGroup = FC6CB1ED2A0BA2FB00135972 /* Products */;
			projectDirPath = "";
			projectRoot = "";
			targets = (
				FC6CB1EB2A0BA2FB00135972 /* Movies_SwiftUI_Combine_MVVM */,
			);
		};
/* End PBXProject section */

/* Begin PBXResourcesBuildPhase section */
		FC6CB1EA2A0BA2FB00135972 /* Resources */ = {
			isa = PBXResourcesBuildPhase;
			buildActionMask = 2147483647;
			files = (
				FC6CB1F72A0BA2FD00135972 /* Preview Assets.xcassets in Resources */,
				FC6CB1F42A0BA2FD00135972 /* Assets.xcassets in Resources */,
			);
			runOnlyForDeploymentPostprocessing = 0;
		};
/* End PBXResourcesBuildPhase section */

/* Begin PBXSourcesBuildPhase section */
		FC6CB1E82A0BA2FB00135972 /* Sources */ = {
			isa = PBXSourcesBuildPhase;
			buildActionMask = 2147483647;
			files = (
				FC3331D52A0BA64C00186B41 /* String+Extensions.swift in Sources */,
				FC6CB1F22A0BA2FB00135972 /* ContentView.swift in Sources */,
				FC3331E32A0BBE6B00186B41 /* ImageLoader.swift in Sources */,
				FC3331DB2A0BA77800186B41 /* Movies.swift in Sources */,
				FC3331E12A0BB5A100186B41 /* MovieCell.swift in Sources */,
				FC3331DF2A0BAD3100186B41 /* Date+Extensions.swift in Sources */,
				FC3331DD2A0BAD0000186B41 /* Double+Extensions.swift in Sources */,
				FC3331D02A0BA5EA00186B41 /* NetworkService.swift in Sources */,
				FC3331D72A0BA6C000186B41 /* Int+Extensions.swift in Sources */,
				FC3331E72A0BD37200186B41 /* Genres.swift in Sources */,
				FC3331D92A0BA71700186B41 /* MoviesViewModel.swift in Sources */,
				FC3331D22A0BA5F700186B41 /* EndPoint.swift in Sources */,
				FC3331E52A0BBEA100186B41 /* PosterImageView.swift in Sources */,
				FC6CB1F02A0BA2FB00135972 /* Movies_SwiftUI_Combine_MVVMApp.swift in Sources */,
			);
			runOnlyForDeploymentPostprocessing = 0;
		};
/* End PBXSourcesBuildPhase section */

/* Begin XCBuildConfiguration section */
		FC6CB1F82A0BA2FD00135972 /* Debug */ = {
			isa = XCBuildConfiguration;
			buildSettings = {
				ALWAYS_SEARCH_USER_PATHS = NO;
				CLANG_ANALYZER_NONNULL = YES;
				CLANG_ANALYZER_NUMBER_OBJECT_CONVERSION = YES_AGGRESSIVE;
				CLANG_CXX_LANGUAGE_STANDARD = "gnu++20";
				CLANG_ENABLE_MODULES = YES;
				CLANG_ENABLE_OBJC_ARC = YES;
				CLANG_ENABLE_OBJC_WEAK = YES;
				CLANG_WARN_BLOCK_CAPTURE_AUTORELEASING = YES;
				CLANG_WARN_BOOL_CONVERSION = YES;
				CLANG_WARN_COMMA = YES;
				CLANG_WARN_CONSTANT_CONVERSION = YES;
				CLANG_WARN_DEPRECATED_OBJC_IMPLEMENTATIONS = YES;
				CLANG_WARN_DIRECT_OBJC_ISA_USAGE = YES_ERROR;
				CLANG_WARN_DOCUMENTATION_COMMENTS = YES;
				CLANG_WARN_EMPTY_BODY = YES;
				CLANG_WARN_ENUM_CONVERSION = YES;
				CLANG_WARN_INFINITE_RECURSION = YES;
				CLANG_WARN_INT_CONVERSION = YES;
				CLANG_WARN_NON_LITERAL_NULL_CONVERSION = YES;
				CLANG_WARN_OBJC_IMPLICIT_RETAIN_SELF = YES;
				CLANG_WARN_OBJC_LITERAL_CONVERSION = YES;
				CLANG_WARN_OBJC_ROOT_CLASS = YES_ERROR;
				CLANG_WARN_QUOTED_INCLUDE_IN_FRAMEWORK_HEADER = YES;
				CLANG_WARN_RANGE_LOOP_ANALYSIS = YES;
				CLANG_WARN_STRICT_PROTOTYPES = YES;
				CLANG_WARN_SUSPICIOUS_MOVE = YES;
				CLANG_WARN_UNGUARDED_AVAILABILITY = YES_AGGRESSIVE;
				CLANG_WARN_UNREACHABLE_CODE = YES;
				CLANG_WARN__DUPLICATE_METHOD_MATCH = YES;
				COPY_PHASE_STRIP = NO;
				DEBUG_INFORMATION_FORMAT = dwarf;
				ENABLE_STRICT_OBJC_MSGSEND = YES;
				ENABLE_TESTABILITY = YES;
				GCC_C_LANGUAGE_STANDARD = gnu11;
				GCC_DYNAMIC_NO_PIC = NO;
				GCC_NO_COMMON_BLOCKS = YES;
				GCC_OPTIMIZATION_LEVEL = 0;
				GCC_PREPROCESSOR_DEFINITIONS = (
					"DEBUG=1",
					"$(inherited)",
				);
				GCC_WARN_64_TO_32_BIT_CONVERSION = YES;
				GCC_WARN_ABOUT_RETURN_TYPE = YES_ERROR;
				GCC_WARN_UNDECLARED_SELECTOR = YES;
				GCC_WARN_UNINITIALIZED_AUTOS = YES_AGGRESSIVE;
				GCC_WARN_UNUSED_FUNCTION = YES;
				GCC_WARN_UNUSED_VARIABLE = YES;
				IPHONEOS_DEPLOYMENT_TARGET = 16.2;
				MTL_ENABLE_DEBUG_INFO = INCLUDE_SOURCE;
				MTL_FAST_MATH = YES;
				ONLY_ACTIVE_ARCH = YES;
				SDKROOT = iphoneos;
				SWIFT_ACTIVE_COMPILATION_CONDITIONS = DEBUG;
				SWIFT_OPTIMIZATION_LEVEL = "-Onone";
			};
			name = Debug;
		};
		FC6CB1F92A0BA2FD00135972 /* Release */ = {
			isa = XCBuildConfiguration;
			buildSettings = {
				ALWAYS_SEARCH_USER_PATHS = NO;
				CLANG_ANALYZER_NONNULL = YES;
				CLANG_ANALYZER_NUMBER_OBJECT_CONVERSION = YES_AGGRESSIVE;
				CLANG_CXX_LANGUAGE_STANDARD = "gnu++20";
				CLANG_ENABLE_MODULES = YES;
				CLANG_ENABLE_OBJC_ARC = YES;
				CLANG_ENABLE_OBJC_WEAK = YES;
				CLANG_WARN_BLOCK_CAPTURE_AUTORELEASING = YES;
				CLANG_WARN_BOOL_CONVERSION = YES;
				CLANG_WARN_COMMA = YES;
				CLANG_WARN_CONSTANT_CONVERSION = YES;
				CLANG_WARN_DEPRECATED_OBJC_IMPLEMENTATIONS = YES;
				CLANG_WARN_DIRECT_OBJC_ISA_USAGE = YES_ERROR;
				CLANG_WARN_DOCUMENTATION_COMMENTS = YES;
				CLANG_WARN_EMPTY_BODY = YES;
				CLANG_WARN_ENUM_CONVERSION = YES;
				CLANG_WARN_INFINITE_RECURSION = YES;
				CLANG_WARN_INT_CONVERSION = YES;
				CLANG_WARN_NON_LITERAL_NULL_CONVERSION = YES;
				CLANG_WARN_OBJC_IMPLICIT_RETAIN_SELF = YES;
				CLANG_WARN_OBJC_LITERAL_CONVERSION = YES;
				CLANG_WARN_OBJC_ROOT_CLASS = YES_ERROR;
				CLANG_WARN_QUOTED_INCLUDE_IN_FRAMEWORK_HEADER = YES;
				CLANG_WARN_RANGE_LOOP_ANALYSIS = YES;
				CLANG_WARN_STRICT_PROTOTYPES = YES;
				CLANG_WARN_SUSPICIOUS_MOVE = YES;
				CLANG_WARN_UNGUARDED_AVAILABILITY = YES_AGGRESSIVE;
				CLANG_WARN_UNREACHABLE_CODE = YES;
				CLANG_WARN__DUPLICATE_METHOD_MATCH = YES;
				COPY_PHASE_STRIP = NO;
				DEBUG_INFORMATION_FORMAT = "dwarf-with-dsym";
				ENABLE_NS_ASSERTIONS = NO;
				ENABLE_STRICT_OBJC_MSGSEND = YES;
				GCC_C_LANGUAGE_STANDARD = gnu11;
				GCC_NO_COMMON_BLOCKS = YES;
				GCC_WARN_64_TO_32_BIT_CONVERSION = YES;
				GCC_WARN_ABOUT_RETURN_TYPE = YES_ERROR;
				GCC_WARN_UNDECLARED_SELECTOR = YES;
				GCC_WARN_UNINITIALIZED_AUTOS = YES_AGGRESSIVE;
				GCC_WARN_UNUSED_FUNCTION = YES;
				GCC_WARN_UNUSED_VARIABLE = YES;
				IPHONEOS_DEPLOYMENT_TARGET = 16.2;
				MTL_ENABLE_DEBUG_INFO = NO;
				MTL_FAST_MATH = YES;
				SDKROOT = iphoneos;
				SWIFT_COMPILATION_MODE = wholemodule;
				SWIFT_OPTIMIZATION_LEVEL = "-O";
				VALIDATE_PRODUCT = YES;
			};
			name = Release;
		};
		FC6CB1FB2A0BA2FD00135972 /* Debug */ = {
			isa = XCBuildConfiguration;
			buildSettings = {
				ASSETCATALOG_COMPILER_APPICON_NAME = AppIcon;
				ASSETCATALOG_COMPILER_GLOBAL_ACCENT_COLOR_NAME = AccentColor;
				CODE_SIGN_STYLE = Automatic;
				CURRENT_PROJECT_VERSION = 1;
				DEVELOPMENT_ASSET_PATHS = "\"Movies_SwiftUI_Combine_MVVM/Preview Content\"";
				DEVELOPMENT_TEAM = C5PN73MFP3;
				ENABLE_PREVIEWS = YES;
				GENERATE_INFOPLIST_FILE = YES;
				INFOPLIST_KEY_UIApplicationSceneManifest_Generation = YES;
				INFOPLIST_KEY_UIApplicationSupportsIndirectInputEvents = YES;
				INFOPLIST_KEY_UILaunchScreen_Generation = YES;
				INFOPLIST_KEY_UISupportedInterfaceOrientations_iPad = "UIInterfaceOrientationPortrait UIInterfaceOrientationPortraitUpsideDown UIInterfaceOrientationLandscapeLeft UIInterfaceOrientationLandscapeRight";
				INFOPLIST_KEY_UISupportedInterfaceOrientations_iPhone = "UIInterfaceOrientationPortrait UIInterfaceOrientationLandscapeLeft UIInterfaceOrientationLandscapeRight";
				LD_RUNPATH_SEARCH_PATHS = (
					"$(inherited)",
					"@executable_path/Frameworks",
				);
				MARKETING_VERSION = 1.0;
				PRODUCT_BUNDLE_IDENTIFIER = "com.IM88.Movies-SwiftUI-Combine-MVVM";
				PRODUCT_NAME = "$(TARGET_NAME)";
				SWIFT_EMIT_LOC_STRINGS = YES;
				SWIFT_VERSION = 5.0;
				TARGETED_DEVICE_FAMILY = "1,2";
			};
			name = Debug;
		};
		FC6CB1FC2A0BA2FD00135972 /* Release */ = {
			isa = XCBuildConfiguration;
			buildSettings = {
				ASSETCATALOG_COMPILER_APPICON_NAME = AppIcon;
				ASSETCATALOG_COMPILER_GLOBAL_ACCENT_COLOR_NAME = AccentColor;
				CODE_SIGN_STYLE = Automatic;
				CURRENT_PROJECT_VERSION = 1;
				DEVELOPMENT_ASSET_PATHS = "\"Movies_SwiftUI_Combine_MVVM/Preview Content\"";
				DEVELOPMENT_TEAM = C5PN73MFP3;
				ENABLE_PREVIEWS = YES;
				GENERATE_INFOPLIST_FILE = YES;
				INFOPLIST_KEY_UIApplicationSceneManifest_Generation = YES;
				INFOPLIST_KEY_UIApplicationSupportsIndirectInputEvents = YES;
				INFOPLIST_KEY_UILaunchScreen_Generation = YES;
				INFOPLIST_KEY_UISupportedInterfaceOrientations_iPad = "UIInterfaceOrientationPortrait UIInterfaceOrientationPortraitUpsideDown UIInterfaceOrientationLandscapeLeft UIInterfaceOrientationLandscapeRight";
				INFOPLIST_KEY_UISupportedInterfaceOrientations_iPhone = "UIInterfaceOrientationPortrait UIInterfaceOrientationLandscapeLeft UIInterfaceOrientationLandscapeRight";
				LD_RUNPATH_SEARCH_PATHS = (
					"$(inherited)",
					"@executable_path/Frameworks",
				);
				MARKETING_VERSION = 1.0;
				PRODUCT_BUNDLE_IDENTIFIER = "com.IM88.Movies-SwiftUI-Combine-MVVM";
				PRODUCT_NAME = "$(TARGET_NAME)";
				SWIFT_EMIT_LOC_STRINGS = YES;
				SWIFT_VERSION = 5.0;
				TARGETED_DEVICE_FAMILY = "1,2";
			};
			name = Release;
		};
/* End XCBuildConfiguration section */

/* Begin XCConfigurationList section */
		FC6CB1E72A0BA2FB00135972 /* Build configuration list for PBXProject "Movies_SwiftUI_Combine_MVVM" */ = {
			isa = XCConfigurationList;
			buildConfigurations = (
				FC6CB1F82A0BA2FD00135972 /* Debug */,
				FC6CB1F92A0BA2FD00135972 /* Release */,
			);
			defaultConfigurationIsVisible = 0;
			defaultConfigurationName = Release;
		};
		FC6CB1FA2A0BA2FD00135972 /* Build configuration list for PBXNativeTarget "Movies_SwiftUI_Combine_MVVM" */ = {
			isa = XCConfigurationList;
			buildConfigurations = (
				FC6CB1FB2A0BA2FD00135972 /* Debug */,
				FC6CB1FC2A0BA2FD00135972 /* Release */,
			);
			defaultConfigurationIsVisible = 0;
			defaultConfigurationName = Release;
		};
/* End XCConfigurationList section */

/* Begin XCRemoteSwiftPackageReference section */
		FC3331CA2A0BA5BA00186B41 /* XCRemoteSwiftPackageReference "Alamofire" */ = {
			isa = XCRemoteSwiftPackageReference;
			repositoryURL = "https://github.com/Alamofire/Alamofire.git";
			requirement = {
				kind = upToNextMajorVersion;
				minimumVersion = 5.0.0;
			};
		};
/* End XCRemoteSwiftPackageReference section */

/* Begin XCSwiftPackageProductDependency section */
		FC3331CB2A0BA5BA00186B41 /* Alamofire */ = {
			isa = XCSwiftPackageProductDependency;
			package = FC3331CA2A0BA5BA00186B41 /* XCRemoteSwiftPackageReference "Alamofire" */;
			productName = Alamofire;
		};
/* End XCSwiftPackageProductDependency section */
	};
	rootObject = FC6CB1E42A0BA2FB00135972 /* Project object */;
}
